// !$*UTF8*$!
{
	archiveVersion = 1;
	classes = {
	};
	objectVersion = 56;
	objects = {

/* Begin PBXBuildFile section */
		5816028E2A729A2300072430 /* Preview Content in Resources */ = {isa = PBXBuildFile; fileRef = 5816028D2A729A2300072430 /* Preview Content */; };
		582889062A684C3D005B836A /* EntryView.swift in Sources */ = {isa = PBXBuildFile; fileRef = 582889052A684C3D005B836A /* EntryView.swift */; };
		58363C642A657F76006BDDCF /* Hosts.swift in Sources */ = {isa = PBXBuildFile; fileRef = 58363C632A657F76006BDDCF /* Hosts.swift */; };
		58F152D32A62BCDB00E16F4F /* NamecheapDDNSApp.swift in Sources */ = {isa = PBXBuildFile; fileRef = 58F152D22A62BCDB00E16F4F /* NamecheapDDNSApp.swift */; };
		58F152D52A62BCDB00E16F4F /* ContentView.swift in Sources */ = {isa = PBXBuildFile; fileRef = 58F152D42A62BCDB00E16F4F /* ContentView.swift */; };
		58F152D72A62BCDC00E16F4F /* Assets.xcassets in Resources */ = {isa = PBXBuildFile; fileRef = 58F152D62A62BCDC00E16F4F /* Assets.xcassets */; };
		58F152E42A62C08100E16F4F /* ConfigView.swift in Sources */ = {isa = PBXBuildFile; fileRef = 58F152E32A62C08100E16F4F /* ConfigView.swift */; };
/* End PBXBuildFile section */

/* Begin PBXFileReference section */
		5816028D2A729A2300072430 /* Preview Content */ = {isa = PBXFileReference; lastKnownFileType = folder; path = "Preview Content"; sourceTree = "<group>"; };
		582889052A684C3D005B836A /* EntryView.swift */ = {isa = PBXFileReference; lastKnownFileType = sourcecode.swift; path = EntryView.swift; sourceTree = "<group>"; };
		5830D6862A72EB0500923D45 /* README.markdown */ = {isa = PBXFileReference; lastKnownFileType = net.daringfireball.markdown; path = README.markdown; sourceTree = "<group>"; };
		58363C632A657F76006BDDCF /* Hosts.swift */ = {isa = PBXFileReference; lastKnownFileType = sourcecode.swift; path = Hosts.swift; sourceTree = "<group>"; };
		58F152CF2A62BCDB00E16F4F /* NamecheapDDNS.app */ = {isa = PBXFileReference; explicitFileType = wrapper.application; includeInIndex = 0; path = NamecheapDDNS.app; sourceTree = BUILT_PRODUCTS_DIR; };
		58F152D22A62BCDB00E16F4F /* NamecheapDDNSApp.swift */ = {isa = PBXFileReference; lastKnownFileType = sourcecode.swift; path = NamecheapDDNSApp.swift; sourceTree = "<group>"; };
		58F152D42A62BCDB00E16F4F /* ContentView.swift */ = {isa = PBXFileReference; lastKnownFileType = sourcecode.swift; path = ContentView.swift; sourceTree = "<group>"; };
		58F152D62A62BCDC00E16F4F /* Assets.xcassets */ = {isa = PBXFileReference; lastKnownFileType = folder.assetcatalog; path = Assets.xcassets; sourceTree = "<group>"; };
		58F152DB2A62BCDC00E16F4F /* NamecheapDDNS.entitlements */ = {isa = PBXFileReference; lastKnownFileType = text.plist.entitlements; path = NamecheapDDNS.entitlements; sourceTree = "<group>"; };
		58F152E32A62C08100E16F4F /* ConfigView.swift */ = {isa = PBXFileReference; lastKnownFileType = sourcecode.swift; path = ConfigView.swift; sourceTree = "<group>"; };
/* End PBXFileReference section */

/* Begin PBXFrameworksBuildPhase section */
		58F152CC2A62BCDB00E16F4F /* Frameworks */ = {
			isa = PBXFrameworksBuildPhase;
			buildActionMask = 2147483647;
			files = (
			);
			runOnlyForDeploymentPostprocessing = 0;
		};
/* End PBXFrameworksBuildPhase section */

/* Begin PBXGroup section */
		58F152C62A62BCDB00E16F4F = {
			isa = PBXGroup;
			children = (
				5830D6862A72EB0500923D45 /* README.markdown */,
				58F152D12A62BCDB00E16F4F /* NamecheapDDNS */,
				58F152D02A62BCDB00E16F4F /* Products */,
			);
			sourceTree = "<group>";
		};
		58F152D02A62BCDB00E16F4F /* Products */ = {
			isa = PBXGroup;
			children = (
				58F152CF2A62BCDB00E16F4F /* NamecheapDDNS.app */,
			);
			name = Products;
			sourceTree = "<group>";
		};
		58F152D12A62BCDB00E16F4F /* NamecheapDDNS */ = {
			isa = PBXGroup;
			children = (
				58F152D22A62BCDB00E16F4F /* NamecheapDDNSApp.swift */,
				58F152D42A62BCDB00E16F4F /* ContentView.swift */,
				58F152D62A62BCDC00E16F4F /* Assets.xcassets */,
				58F152DB2A62BCDC00E16F4F /* NamecheapDDNS.entitlements */,
				58F152E32A62C08100E16F4F /* ConfigView.swift */,
				5816028D2A729A2300072430 /* Preview Content */,
				58363C632A657F76006BDDCF /* Hosts.swift */,
				582889052A684C3D005B836A /* EntryView.swift */,
			);
			path = NamecheapDDNS;
			sourceTree = "<group>";
		};
/* End PBXGroup section */

/* Begin PBXNativeTarget section */
		58F152CE2A62BCDB00E16F4F /* NamecheapDDNS */ = {
			isa = PBXNativeTarget;
			buildConfigurationList = 58F152DE2A62BCDC00E16F4F /* Build configuration list for PBXNativeTarget "NamecheapDDNS" */;
			buildPhases = (
				58F152CB2A62BCDB00E16F4F /* Sources */,
				58F152CC2A62BCDB00E16F4F /* Frameworks */,
				58F152CD2A62BCDB00E16F4F /* Resources */,
			);
			buildRules = (
			);
			dependencies = (
			);
			name = NamecheapDDNS;
			packageProductDependencies = (
			);
			productName = NamecheapDDNS;
			productReference = 58F152CF2A62BCDB00E16F4F /* NamecheapDDNS.app */;
			productType = "com.apple.product-type.application";
		};
/* End PBXNativeTarget section */

/* Begin PBXProject section */
		58F152C72A62BCDB00E16F4F /* Project object */ = {
			isa = PBXProject;
			attributes = {
				BuildIndependentTargetsInParallel = 1;
				LastSwiftUpdateCheck = 1500;
				LastUpgradeCheck = 1500;
				TargetAttributes = {
					58F152CE2A62BCDB00E16F4F = {
						CreatedOnToolsVersion = 15.0;
					};
				};
			};
			buildConfigurationList = 58F152CA2A62BCDB00E16F4F /* Build configuration list for PBXProject "NamecheapDDNS" */;
			compatibilityVersion = "Xcode 14.0";
			developmentRegion = en;
			hasScannedForEncodings = 0;
			knownRegions = (
				en,
				Base,
			);
			mainGroup = 58F152C62A62BCDB00E16F4F;
			packageReferences = (
			);
			productRefGroup = 58F152D02A62BCDB00E16F4F /* Products */;
			projectDirPath = "";
			projectRoot = "";
			targets = (
				58F152CE2A62BCDB00E16F4F /* NamecheapDDNS */,
			);
		};
/* End PBXProject section */

/* Begin PBXResourcesBuildPhase section */
		58F152CD2A62BCDB00E16F4F /* Resources */ = {
			isa = PBXResourcesBuildPhase;
			buildActionMask = 2147483647;
			files = (
				5816028E2A729A2300072430 /* Preview Content in Resources */,
				58F152D72A62BCDC00E16F4F /* Assets.xcassets in Resources */,
			);
			runOnlyForDeploymentPostprocessing = 0;
		};
/* End PBXResourcesBuildPhase section */

/* Begin PBXSourcesBuildPhase section */
		58F152CB2A62BCDB00E16F4F /* Sources */ = {
			isa = PBXSourcesBuildPhase;
			buildActionMask = 2147483647;
			files = (
				58F152E42A62C08100E16F4F /* ConfigView.swift in Sources */,
				58F152D52A62BCDB00E16F4F /* ContentView.swift in Sources */,
				582889062A684C3D005B836A /* EntryView.swift in Sources */,
				58F152D32A62BCDB00E16F4F /* NamecheapDDNSApp.swift in Sources */,
				58363C642A657F76006BDDCF /* Hosts.swift in Sources */,
			);
			runOnlyForDeploymentPostprocessing = 0;
		};
/* End PBXSourcesBuildPhase section */

/* Begin XCBuildConfiguration section */
		58F152DC2A62BCDC00E16F4F /* Debug */ = {
			isa = XCBuildConfiguration;
			buildSettings = {
				ALWAYS_SEARCH_USER_PATHS = NO;
				ASSETCATALOG_COMPILER_GENERATE_SWIFT_ASSET_SYMBOL_EXTENSIONS = YES;
				CLANG_ANALYZER_NONNULL = YES;
				CLANG_ANALYZER_NUMBER_OBJECT_CONVERSION = YES_AGGRESSIVE;
				CLANG_CXX_LANGUAGE_STANDARD = "gnu++20";
				CLANG_ENABLE_MODULES = YES;
				CLANG_ENABLE_OBJC_ARC = YES;
				CLANG_ENABLE_OBJC_WEAK = YES;
				CLANG_WARN_BLOCK_CAPTURE_AUTORELEASING = YES;
				CLANG_WARN_BOOL_CONVERSION = YES;
				CLANG_WARN_COMMA = YES;
				CLANG_WARN_CONSTANT_CONVERSION = YES;
				CLANG_WARN_DEPRECATED_OBJC_IMPLEMENTATIONS = YES;
				CLANG_WARN_DIRECT_OBJC_ISA_USAGE = YES_ERROR;
				CLANG_WARN_DOCUMENTATION_COMMENTS = YES;
				CLANG_WARN_EMPTY_BODY = YES;
				CLANG_WARN_ENUM_CONVERSION = YES;
				CLANG_WARN_INFINITE_RECURSION = YES;
				CLANG_WARN_INT_CONVERSION = YES;
				CLANG_WARN_NON_LITERAL_NULL_CONVERSION = YES;
				CLANG_WARN_OBJC_IMPLICIT_RETAIN_SELF = YES;
				CLANG_WARN_OBJC_LITERAL_CONVERSION = YES;
				CLANG_WARN_OBJC_ROOT_CLASS = YES_ERROR;
				CLANG_WARN_QUOTED_INCLUDE_IN_FRAMEWORK_HEADER = YES;
				CLANG_WARN_RANGE_LOOP_ANALYSIS = YES;
				CLANG_WARN_STRICT_PROTOTYPES = YES;
				CLANG_WARN_SUSPICIOUS_MOVE = YES;
				CLANG_WARN_UNGUARDED_AVAILABILITY = YES_AGGRESSIVE;
				CLANG_WARN_UNREACHABLE_CODE = YES;
				CLANG_WARN__DUPLICATE_METHOD_MATCH = YES;
				COPY_PHASE_STRIP = NO;
				DEBUG_INFORMATION_FORMAT = dwarf;
				ENABLE_STRICT_OBJC_MSGSEND = YES;
				ENABLE_TESTABILITY = YES;
				ENABLE_USER_SCRIPT_SANDBOXING = YES;
				GCC_C_LANGUAGE_STANDARD = gnu17;
				GCC_DYNAMIC_NO_PIC = NO;
				GCC_NO_COMMON_BLOCKS = YES;
				GCC_OPTIMIZATION_LEVEL = 0;
				GCC_PREPROCESSOR_DEFINITIONS = (
					"DEBUG=1",
					"$(inherited)",
				);
				GCC_WARN_64_TO_32_BIT_CONVERSION = YES;
				GCC_WARN_ABOUT_RETURN_TYPE = YES_ERROR;
				GCC_WARN_UNDECLARED_SELECTOR = YES;
				GCC_WARN_UNINITIALIZED_AUTOS = YES_AGGRESSIVE;
				GCC_WARN_UNUSED_FUNCTION = YES;
				GCC_WARN_UNUSED_VARIABLE = YES;
				LOCALIZATION_PREFERS_STRING_CATALOGS = YES;
				MACOSX_DEPLOYMENT_TARGET = 14.0;
				MTL_ENABLE_DEBUG_INFO = INCLUDE_SOURCE;
				MTL_FAST_MATH = YES;
				ONLY_ACTIVE_ARCH = YES;
				SDKROOT = macosx14.0;
				SWIFT_ACTIVE_COMPILATION_CONDITIONS = "DEBUG $(inherited)";
				SWIFT_OPTIMIZATION_LEVEL = "-Onone";
			};
			name = Debug;
		};
		58F152DD2A62BCDC00E16F4F /* Release */ = {
			isa = XCBuildConfiguration;
			buildSettings = {
				ALWAYS_SEARCH_USER_PATHS = NO;
				ASSETCATALOG_COMPILER_GENERATE_SWIFT_ASSET_SYMBOL_EXTENSIONS = YES;
				CLANG_ANALYZER_NONNULL = YES;
				CLANG_ANALYZER_NUMBER_OBJECT_CONVERSION = YES_AGGRESSIVE;
				CLANG_CXX_LANGUAGE_STANDARD = "gnu++20";
				CLANG_ENABLE_MODULES = YES;
				CLANG_ENABLE_OBJC_ARC = YES;
				CLANG_ENABLE_OBJC_WEAK = YES;
				CLANG_WARN_BLOCK_CAPTURE_AUTORELEASING = YES;
				CLANG_WARN_BOOL_CONVERSION = YES;
				CLANG_WARN_COMMA = YES;
				CLANG_WARN_CONSTANT_CONVERSION = YES;
				CLANG_WARN_DEPRECATED_OBJC_IMPLEMENTATIONS = YES;
				CLANG_WARN_DIRECT_OBJC_ISA_USAGE = YES_ERROR;
				CLANG_WARN_DOCUMENTATION_COMMENTS = YES;
				CLANG_WARN_EMPTY_BODY = YES;
				CLANG_WARN_ENUM_CONVERSION = YES;
				CLANG_WARN_INFINITE_RECURSION = YES;
				CLANG_WARN_INT_CONVERSION = YES;
				CLANG_WARN_NON_LITERAL_NULL_CONVERSION = YES;
				CLANG_WARN_OBJC_IMPLICIT_RETAIN_SELF = YES;
				CLANG_WARN_OBJC_LITERAL_CONVERSION = YES;
				CLANG_WARN_OBJC_ROOT_CLASS = YES_ERROR;
				CLANG_WARN_QUOTED_INCLUDE_IN_FRAMEWORK_HEADER = YES;
				CLANG_WARN_RANGE_LOOP_ANALYSIS = YES;
				CLANG_WARN_STRICT_PROTOTYPES = YES;
				CLANG_WARN_SUSPICIOUS_MOVE = YES;
				CLANG_WARN_UNGUARDED_AVAILABILITY = YES_AGGRESSIVE;
				CLANG_WARN_UNREACHABLE_CODE = YES;
				CLANG_WARN__DUPLICATE_METHOD_MATCH = YES;
				COPY_PHASE_STRIP = NO;
				DEBUG_INFORMATION_FORMAT = "dwarf-with-dsym";
				ENABLE_NS_ASSERTIONS = NO;
				ENABLE_STRICT_OBJC_MSGSEND = YES;
				ENABLE_USER_SCRIPT_SANDBOXING = YES;
				GCC_C_LANGUAGE_STANDARD = gnu17;
				GCC_NO_COMMON_BLOCKS = YES;
				GCC_WARN_64_TO_32_BIT_CONVERSION = YES;
				GCC_WARN_ABOUT_RETURN_TYPE = YES_ERROR;
				GCC_WARN_UNDECLARED_SELECTOR = YES;
				GCC_WARN_UNINITIALIZED_AUTOS = YES_AGGRESSIVE;
				GCC_WARN_UNUSED_FUNCTION = YES;
				GCC_WARN_UNUSED_VARIABLE = YES;
				LOCALIZATION_PREFERS_STRING_CATALOGS = YES;
				MACOSX_DEPLOYMENT_TARGET = 14.0;
				MTL_ENABLE_DEBUG_INFO = NO;
				MTL_FAST_MATH = YES;
				SDKROOT = macosx14.0;
				SWIFT_COMPILATION_MODE = wholemodule;
			};
			name = Release;
		};
		58F152DF2A62BCDC00E16F4F /* Debug */ = {
			isa = XCBuildConfiguration;
			buildSettings = {
				ASSETCATALOG_COMPILER_APPICON_NAME = AppIcon;
				ASSETCATALOG_COMPILER_GLOBAL_ACCENT_COLOR_NAME = AccentColor;
				ASSETCATALOG_COMPILER_INCLUDE_ALL_APPICON_ASSETS = YES;
				CODE_SIGN_ENTITLEMENTS = NamecheapDDNS/NamecheapDDNS.entitlements;
				CODE_SIGN_STYLE = Automatic;
				COMBINE_HIDPI_IMAGES = YES;
				CURRENT_PROJECT_VERSION = 1;
				DEVELOPMENT_ASSET_PATHS = "\"NamecheapDDNS/Preview Content\"";
				ENABLE_PREVIEWS = YES;
				EXCLUDED_ARCHS = "";
				GENERATE_INFOPLIST_FILE = YES;
				INFOPLIST_KEY_CFBundleDisplayName = "Namecheap DDNS";
				INFOPLIST_KEY_LSApplicationCategoryType = "public.app-category.utilities";
				INFOPLIST_KEY_NSHumanReadableCopyright = "";
				LD_RUNPATH_SEARCH_PATHS = (
					"$(inherited)",
					"@executable_path/../Frameworks",
				);
				MARKETING_VERSION = 1.0;
				PRODUCT_BUNDLE_IDENTIFIER = com.404oops.NamecheapDDNS;
				PRODUCT_NAME = "$(TARGET_NAME)";
				SWIFT_EMIT_LOC_STRINGS = YES;
				SWIFT_VERSION = 5.0;
			};
			name = Debug;
		};
		58F152E02A62BCDC00E16F4F /* Release */ = {
			isa = XCBuildConfiguration;
			buildSettings = {
				ASSETCATALOG_COMPILER_APPICON_NAME = AppIcon;
				ASSETCATALOG_COMPILER_GLOBAL_ACCENT_COLOR_NAME = AccentColor;
				ASSETCATALOG_COMPILER_INCLUDE_ALL_APPICON_ASSETS = YES;
				CODE_SIGN_ENTITLEMENTS = NamecheapDDNS/NamecheapDDNS.entitlements;
				CODE_SIGN_STYLE = Automatic;
				COMBINE_HIDPI_IMAGES = YES;
				CURRENT_PROJECT_VERSION = 1;
				DEVELOPMENT_ASSET_PATHS = "\"NamecheapDDNS/Preview Content\"";
				ENABLE_PREVIEWS = YES;
				EXCLUDED_ARCHS = "";
				GENERATE_INFOPLIST_FILE = YES;
				INFOPLIST_KEY_CFBundleDisplayName = "Namecheap DDNS";
				INFOPLIST_KEY_LSApplicationCategoryType = "public.app-category.utilities";
				INFOPLIST_KEY_NSHumanReadableCopyright = "";
				LD_RUNPATH_SEARCH_PATHS = (
					"$(inherited)",
					"@executable_path/../Frameworks",
				);
				MARKETING_VERSION = 1.0;
				PRODUCT_BUNDLE_IDENTIFIER = com.404oops.NamecheapDDNS;
				PRODUCT_NAME = "$(TARGET_NAME)";
				SWIFT_EMIT_LOC_STRINGS = YES;
				SWIFT_VERSION = 5.0;
			};
			name = Release;
		};
/* End XCBuildConfiguration section */

/* Begin XCConfigurationList section */
		58F152CA2A62BCDB00E16F4F /* Build configuration list for PBXProject "NamecheapDDNS" */ = {
			isa = XCConfigurationList;
			buildConfigurations = (
				58F152DC2A62BCDC00E16F4F /* Debug */,
				58F152DD2A62BCDC00E16F4F /* Release */,
			);
			defaultConfigurationIsVisible = 0;
			defaultConfigurationName = Release;
		};
		58F152DE2A62BCDC00E16F4F /* Build configuration list for PBXNativeTarget "NamecheapDDNS" */ = {
			isa = XCConfigurationList;
			buildConfigurations = (
				58F152DF2A62BCDC00E16F4F /* Debug */,
				58F152E02A62BCDC00E16F4F /* Release */,
			);
			defaultConfigurationIsVisible = 0;
			defaultConfigurationName = Release;
		};
/* End XCConfigurationList section */
	};
	rootObject = 58F152C72A62BCDB00E16F4F /* Project object */;
}
